// !$*UTF8*$!
{
	archiveVersion = 1;
	classes = {
	};
	objectVersion = 46;
	objects = {

/* Begin PBXBuildFile section */
		7B0864E01C7AD47D00BFA97C /* ActionSheetAndPickerViewViewController.swift in Sources */ = {isa = PBXBuildFile; fileRef = 7B0864DF1C7AD47D00BFA97C /* ActionSheetAndPickerViewViewController.swift */; };
		7B0864E21C7AEB8E00BFA97C /* UNAlertView.swift in Sources */ = {isa = PBXBuildFile; fileRef = 7B0864E11C7AEB8E00BFA97C /* UNAlertView.swift */; };
		7B6DBB321C769C76008FBE03 /* AppDelegate.swift in Sources */ = {isa = PBXBuildFile; fileRef = 7B6DBB311C769C76008FBE03 /* AppDelegate.swift */; };
		7B6DBB341C769C76008FBE03 /* ViewController.swift in Sources */ = {isa = PBXBuildFile; fileRef = 7B6DBB331C769C76008FBE03 /* ViewController.swift */; };
		7B6DBB371C769C76008FBE03 /* Main.storyboard in Resources */ = {isa = PBXBuildFile; fileRef = 7B6DBB351C769C76008FBE03 /* Main.storyboard */; };
		7B6DBB391C769C76008FBE03 /* Assets.xcassets in Resources */ = {isa = PBXBuildFile; fileRef = 7B6DBB381C769C76008FBE03 /* Assets.xcassets */; };
		7B6DBB3C1C769C76008FBE03 /* LaunchScreen.storyboard in Resources */ = {isa = PBXBuildFile; fileRef = 7B6DBB3A1C769C76008FBE03 /* LaunchScreen.storyboard */; };
		7B6DBB441C769CDE008FBE03 /* PickerViewController.swift in Sources */ = {isa = PBXBuildFile; fileRef = 7B6DBB431C769CDE008FBE03 /* PickerViewController.swift */; };
		7B6DBB481C76A8EE008FBE03 /* devices.plist in Resources */ = {isa = PBXBuildFile; fileRef = 7B6DBB471C76A8EE008FBE03 /* devices.plist */; };
/* End PBXBuildFile section */

/* Begin PBXFileReference section */
		7B0864DF1C7AD47D00BFA97C /* ActionSheetAndPickerViewViewController.swift */ = {isa = PBXFileReference; fileEncoding = 4; lastKnownFileType = sourcecode.swift; path = ActionSheetAndPickerViewViewController.swift; sourceTree = "<group>"; };
		7B0864E11C7AEB8E00BFA97C /* UNAlertView.swift */ = {isa = PBXFileReference; fileEncoding = 4; lastKnownFileType = sourcecode.swift; path = UNAlertView.swift; sourceTree = "<group>"; };
		7B6DBB2E1C769C76008FBE03 /* SwiftDemo.app */ = {isa = PBXFileReference; explicitFileType = wrapper.application; includeInIndex = 0; path = SwiftDemo.app; sourceTree = BUILT_PRODUCTS_DIR; };
		7B6DBB311C769C76008FBE03 /* AppDelegate.swift */ = {isa = PBXFileReference; lastKnownFileType = sourcecode.swift; path = AppDelegate.swift; sourceTree = "<group>"; };
		7B6DBB331C769C76008FBE03 /* ViewController.swift */ = {isa = PBXFileReference; lastKnownFileType = sourcecode.swift; path = ViewController.swift; sourceTree = "<group>"; };
		7B6DBB361C769C76008FBE03 /* Base */ = {isa = PBXFileReference; lastKnownFileType = file.storyboard; name = Base; path = Base.lproj/Main.storyboard; sourceTree = "<group>"; };
		7B6DBB381C769C76008FBE03 /* Assets.xcassets */ = {isa = PBXFileReference; lastKnownFileType = folder.assetcatalog; path = Assets.xcassets; sourceTree = "<group>"; };
		7B6DBB3B1C769C76008FBE03 /* Base */ = {isa = PBXFileReference; lastKnownFileType = file.storyboard; name = Base; path = Base.lproj/LaunchScreen.storyboard; sourceTree = "<group>"; };
		7B6DBB3D1C769C76008FBE03 /* Info.plist */ = {isa = PBXFileReference; lastKnownFileType = text.plist.xml; path = Info.plist; sourceTree = "<group>"; };
		7B6DBB431C769CDE008FBE03 /* PickerViewController.swift */ = {isa = PBXFileReference; fileEncoding = 4; lastKnownFileType = sourcecode.swift; path = PickerViewController.swift; sourceTree = "<group>"; };
		7B6DBB471C76A8EE008FBE03 /* devices.plist */ = {isa = PBXFileReference; fileEncoding = 4; lastKnownFileType = text.plist.xml; path = devices.plist; sourceTree = "<group>"; };
/* End PBXFileReference section */

/* Begin PBXFrameworksBuildPhase section */
		7B6DBB2B1C769C76008FBE03 /* Frameworks */ = {
			isa = PBXFrameworksBuildPhase;
			buildActionMask = 2147483647;
			files = (
			);
			runOnlyForDeploymentPostprocessing = 0;
		};
/* End PBXFrameworksBuildPhase section */

/* Begin PBXGroup section */
		7B6DBB251C769C76008FBE03 = {
			isa = PBXGroup;
			children = (
				7B6DBB301C769C76008FBE03 /* SwiftDemo */,
				7B6DBB2F1C769C76008FBE03 /* Products */,
			);
			sourceTree = "<group>";
		};
		7B6DBB2F1C769C76008FBE03 /* Products */ = {
			isa = PBXGroup;
			children = (
				7B6DBB2E1C769C76008FBE03 /* SwiftDemo.app */,
			);
			name = Products;
			sourceTree = "<group>";
		};
		7B6DBB301C769C76008FBE03 /* SwiftDemo */ = {
			isa = PBXGroup;
			children = (
				7B6DBB311C769C76008FBE03 /* AppDelegate.swift */,
				7B6DBB331C769C76008FBE03 /* ViewController.swift */,
				7B6DBB351C769C76008FBE03 /* Main.storyboard */,
				7B6DBB381C769C76008FBE03 /* Assets.xcassets */,
				7B6DBB3A1C769C76008FBE03 /* LaunchScreen.storyboard */,
				7B6DBB3D1C769C76008FBE03 /* Info.plist */,
				7B6DBB431C769CDE008FBE03 /* PickerViewController.swift */,
				7B6DBB471C76A8EE008FBE03 /* devices.plist */,
				7B0864DF1C7AD47D00BFA97C /* ActionSheetAndPickerViewViewController.swift */,
				7B0864E11C7AEB8E00BFA97C /* UNAlertView.swift */,
			);
			path = SwiftDemo;
			sourceTree = "<group>";
		};
/* End PBXGroup section */

/* Begin PBXNativeTarget section */
		7B6DBB2D1C769C76008FBE03 /* SwiftDemo */ = {
			isa = PBXNativeTarget;
			buildConfigurationList = 7B6DBB401C769C76008FBE03 /* Build configuration list for PBXNativeTarget "SwiftDemo" */;
			buildPhases = (
				7B6DBB2A1C769C76008FBE03 /* Sources */,
				7B6DBB2B1C769C76008FBE03 /* Frameworks */,
				7B6DBB2C1C769C76008FBE03 /* Resources */,
			);
			buildRules = (
			);
			dependencies = (
			);
			name = SwiftDemo;
			productName = SwiftDemo;
			productReference = 7B6DBB2E1C769C76008FBE03 /* SwiftDemo.app */;
			productType = "com.apple.product-type.application";
		};
/* End PBXNativeTarget section */

/* Begin PBXProject section */
		7B6DBB261C769C76008FBE03 /* Project object */ = {
			isa = PBXProject;
			attributes = {
				LastSwiftUpdateCheck = 0720;
				LastUpgradeCheck = 0720;
				ORGANIZATIONNAME = zhaobingxu;
				TargetAttributes = {
					7B6DBB2D1C769C76008FBE03 = {
						CreatedOnToolsVersion = 7.2;
					};
				};
			};
			buildConfigurationList = 7B6DBB291C769C76008FBE03 /* Build configuration list for PBXProject "SwiftDemo" */;
			compatibilityVersion = "Xcode 3.2";
			developmentRegion = English;
			hasScannedForEncodings = 0;
			knownRegions = (
				en,
				Base,
			);
			mainGroup = 7B6DBB251C769C76008FBE03;
			productRefGroup = 7B6DBB2F1C769C76008FBE03 /* Products */;
			projectDirPath = "";
			projectRoot = "";
			targets = (
				7B6DBB2D1C769C76008FBE03 /* SwiftDemo */,
			);
		};
/* End PBXProject section */

/* Begin PBXResourcesBuildPhase section */
		7B6DBB2C1C769C76008FBE03 /* Resources */ = {
			isa = PBXResourcesBuildPhase;
			buildActionMask = 2147483647;
			files = (
				7B6DBB3C1C769C76008FBE03 /* LaunchScreen.storyboard in Resources */,
				7B6DBB391C769C76008FBE03 /* Assets.xcassets in Resources */,
				7B6DBB481C76A8EE008FBE03 /* devices.plist in Resources */,
				7B6DBB371C769C76008FBE03 /* Main.storyboard in Resources */,
			);
			runOnlyForDeploymentPostprocessing = 0;
		};
/* End PBXResourcesBuildPhase section */

/* Begin PBXSourcesBuildPhase section */
		7B6DBB2A1C769C76008FBE03 /* Sources */ = {
			isa = PBXSourcesBuildPhase;
			buildActionMask = 2147483647;
			files = (
				7B6DBB441C769CDE008FBE03 /* PickerViewController.swift in Sources */,
				7B0864E21C7AEB8E00BFA97C /* UNAlertView.swift in Sources */,
				7B0864E01C7AD47D00BFA97C /* ActionSheetAndPickerViewViewController.swift in Sources */,
				7B6DBB341C769C76008FBE03 /* ViewController.swift in Sources */,
				7B6DBB321C769C76008FBE03 /* AppDelegate.swift in Sources */,
			);
			runOnlyForDeploymentPostprocessing = 0;
		};
/* End PBXSourcesBuildPhase section */

/* Begin PBXVariantGroup section */
		7B6DBB351C769C76008FBE03 /* Main.storyboard */ = {
			isa = PBXVariantGroup;
			children = (
				7B6DBB361C769C76008FBE03 /* Base */,
			);
			name = Main.storyboard;
			sourceTree = "<group>";
		};
		7B6DBB3A1C769C76008FBE03 /* LaunchScreen.storyboard */ = {
			isa = PBXVariantGroup;
			children = (
				7B6DBB3B1C769C76008FBE03 /* Base */,
			);
			name = LaunchScreen.storyboard;
			sourceTree = "<group>";
		};
/* End PBXVariantGroup section */

/* Begin XCBuildConfiguration section */
		7B6DBB3E1C769C76008FBE03 /* Debug */ = {
			isa = XCBuildConfiguration;
			buildSettings = {
				ALWAYS_SEARCH_USER_PATHS = NO;
				CLANG_CXX_LANGUAGE_STANDARD = "gnu++0x";
				CLANG_CXX_LIBRARY = "libc++";
				CLANG_ENABLE_MODULES = YES;
				CLANG_ENABLE_OBJC_ARC = YES;
				CLANG_WARN_BOOL_CONVERSION = YES;
				CLANG_WARN_CONSTANT_CONVERSION = YES;
				CLANG_WARN_DIRECT_OBJC_ISA_USAGE = YES_ERROR;
				CLANG_WARN_EMPTY_BODY = YES;
				CLANG_WARN_ENUM_CONVERSION = YES;
				CLANG_WARN_INT_CONVERSION = YES;
				CLANG_WARN_OBJC_ROOT_CLASS = YES_ERROR;
				CLANG_WARN_UNREACHABLE_CODE = YES;
				CLANG_WARN__DUPLICATE_METHOD_MATCH = YES;
				"CODE_SIGN_IDENTITY[sdk=iphoneos*]" = "iPhone Developer";
				COPY_PHASE_STRIP = NO;
				DEBUG_INFORMATION_FORMAT = dwarf;
				ENABLE_STRICT_OBJC_MSGSEND = YES;
				ENABLE_TESTABILITY = YES;
				GCC_C_LANGUAGE_STANDARD = gnu99;
				GCC_DYNAMIC_NO_PIC = NO;
				GCC_NO_COMMON_BLOCKS = YES;
				GCC_OPTIMIZATION_LEVEL = 0;
				GCC_PREPROCESSOR_DEFINITIONS = (
					"DEBUG=1",
					"$(inherited)",
				);
				GCC_WARN_64_TO_32_BIT_CONVERSION = YES;
				GCC_WARN_ABOUT_RETURN_TYPE = YES_ERROR;
				GCC_WARN_UNDECLARED_SELECTOR = YES;
				GCC_WARN_UNINITIALIZED_AUTOS = YES_AGGRESSIVE;
				GCC_WARN_UNUSED_FUNCTION = YES;
				GCC_WARN_UNUSED_VARIABLE = YES;
				IPHONEOS_DEPLOYMENT_TARGET = 9.2;
				MTL_ENABLE_DEBUG_INFO = YES;
				ONLY_ACTIVE_ARCH = YES;
				SDKROOT = iphoneos;
				SWIFT_OPTIMIZATION_LEVEL = "-Onone";
			};
			name = Debug;
		};
		7B6DBB3F1C769C76008FBE03 /* Release */ = {
			isa = XCBuildConfiguration;
			buildSettings = {
				ALWAYS_SEARCH_USER_PATHS = NO;
				CLANG_CXX_LANGUAGE_STANDARD = "gnu++0x";
				CLANG_CXX_LIBRARY = "libc++";
				CLANG_ENABLE_MODULES = YES;
				CLANG_ENABLE_OBJC_ARC = YES;
				CLANG_WARN_BOOL_CONVERSION = YES;
				CLANG_WARN_CONSTANT_CONVERSION = YES;
				CLANG_WARN_DIRECT_OBJC_ISA_USAGE = YES_ERROR;
				CLANG_WARN_EMPTY_BODY = YES;
				CLANG_WARN_ENUM_CONVERSION = YES;
				CLANG_WARN_INT_CONVERSION = YES;
				CLANG_WARN_OBJC_ROOT_CLASS = YES_ERROR;
				CLANG_WARN_UNREACHABLE_CODE = YES;
				CLANG_WARN__DUPLICATE_METHOD_MATCH = YES;
				"CODE_SIGN_IDENTITY[sdk=iphoneos*]" = "iPhone Developer";
				COPY_PHASE_STRIP = NO;
				DEBUG_INFORMATION_FORMAT = "dwarf-with-dsym";
				ENABLE_NS_ASSERTIONS = NO;
				ENABLE_STRICT_OBJC_MSGSEND = YES;
				GCC_C_LANGUAGE_STANDARD = gnu99;
				GCC_NO_COMMON_BLOCKS = YES;
				GCC_WARN_64_TO_32_BIT_CONVERSION = YES;
				GCC_WARN_ABOUT_RETURN_TYPE = YES_ERROR;
				GCC_WARN_UNDECLARED_SELECTOR = YES;
				GCC_WARN_UNINITIALIZED_AUTOS = YES_AGGRESSIVE;
				GCC_WARN_UNUSED_FUNCTION = YES;
				GCC_WARN_UNUSED_VARIABLE = YES;
				IPHONEOS_DEPLOYMENT_TARGET = 9.2;
				MTL_ENABLE_DEBUG_INFO = NO;
				SDKROOT = iphoneos;
				VALIDATE_PRODUCT = YES;
			};
			name = Release;
		};
		7B6DBB411C769C76008FBE03 /* Debug */ = {
			isa = XCBuildConfiguration;
			buildSettings = {
				ASSETCATALOG_COMPILER_APPICON_NAME = AppIcon;
				CODE_SIGN_IDENTITY = "iPhone Developer";
				INFOPLIST_FILE = SwiftDemo/Info.plist;
				IPHONEOS_DEPLOYMENT_TARGET = 7.0;
				LD_RUNPATH_SEARCH_PATHS = "$(inherited) @executable_path/Frameworks";
				PRODUCT_BUNDLE_IDENTIFIER = com.everyoo.SwiftDemo;
				PRODUCT_NAME = "$(TARGET_NAME)";
			};
			name = Debug;
		};
		7B6DBB421C769C76008FBE03 /* Release */ = {
			isa = XCBuildConfiguration;
			buildSettings = {
				ASSETCATALOG_COMPILER_APPICON_NAME = AppIcon;
				CODE_SIGN_IDENTITY = "iPhone Developer";
				INFOPLIST_FILE = SwiftDemo/Info.plist;
				IPHONEOS_DEPLOYMENT_TARGET = 7.0;
				LD_RUNPATH_SEARCH_PATHS = "$(inherited) @executable_path/Frameworks";
				PRODUCT_BUNDLE_IDENTIFIER = com.everyoo.SwiftDemo;
				PRODUCT_NAME = "$(TARGET_NAME)";
			};
			name = Release;
		};
/* End XCBuildConfiguration section */

/* Begin XCConfigurationList section */
		7B6DBB291C769C76008FBE03 /* Build configuration list for PBXProject "SwiftDemo" */ = {
			isa = XCConfigurationList;
			buildConfigurations = (
				7B6DBB3E1C769C76008FBE03 /* Debug */,
				7B6DBB3F1C769C76008FBE03 /* Release */,
			);
			defaultConfigurationIsVisible = 0;
			defaultConfigurationName = Release;
		};
		7B6DBB401C769C76008FBE03 /* Build configuration list for PBXNativeTarget "SwiftDemo" */ = {
			isa = XCConfigurationList;
			buildConfigurations = (
				7B6DBB411C769C76008FBE03 /* Debug */,
				7B6DBB421C769C76008FBE03 /* Release */,
			);
			defaultConfigurationIsVisible = 0;
			defaultConfigurationName = Release;
		};
/* End XCConfigurationList section */
	};
	rootObject = 7B6DBB261C769C76008FBE03 /* Project object */;
}
